// !$*UTF8*$!
{
	archiveVersion = 1;
	classes = {
	};
	objectVersion = 50;
	objects = {

/* Begin PBXBuildFile section */
		1A7E6AFA26DA3F7200DB5D7A /* AppDelegate.swift in Sources */ = {isa = PBXBuildFile; fileRef = 1A7E6AF926DA3F7200DB5D7A /* AppDelegate.swift */; };
		1A7E6AFC26DA3F7200DB5D7A /* SceneDelegate.swift in Sources */ = {isa = PBXBuildFile; fileRef = 1A7E6AFB26DA3F7200DB5D7A /* SceneDelegate.swift */; };
		1A7E6AFE26DA3F7200DB5D7A /* ContentView.swift in Sources */ = {isa = PBXBuildFile; fileRef = 1A7E6AFD26DA3F7200DB5D7A /* ContentView.swift */; };
		1A7E6B0026DA3F7300DB5D7A /* Assets.xcassets in Resources */ = {isa = PBXBuildFile; fileRef = 1A7E6AFF26DA3F7300DB5D7A /* Assets.xcassets */; };
		1A7E6B0326DA3F7300DB5D7A /* Preview Assets.xcassets in Resources */ = {isa = PBXBuildFile; fileRef = 1A7E6B0226DA3F7300DB5D7A /* Preview Assets.xcassets */; };
		1A7E6B0626DA3F7300DB5D7A /* LaunchScreen.storyboard in Resources */ = {isa = PBXBuildFile; fileRef = 1A7E6B0426DA3F7300DB5D7A /* LaunchScreen.storyboard */; };
		1A7E6B0E26DA74D000DB5D7A /* TicTacTocView.swift in Sources */ = {isa = PBXBuildFile; fileRef = 1A7E6B0D26DA74D000DB5D7A /* TicTacTocView.swift */; };
		1A7E6B1426DA7F8400DB5D7A /* PickerView.swift in Sources */ = {isa = PBXBuildFile; fileRef = 1A7E6B1326DA7F8400DB5D7A /* PickerView.swift */; };
		1A9283A326DE68D800EA4261 /* CardFlipModel.swift in Sources */ = {isa = PBXBuildFile; fileRef = 1A9283A226DE68D800EA4261 /* CardFlipModel.swift */; };
		1A93CE0C26DB5CAF00EEF761 /* GameViewModel.swift in Sources */ = {isa = PBXBuildFile; fileRef = 1A93CE0B26DB5CAF00EEF761 /* GameViewModel.swift */; };
		1A93CE0E26DB5EDC00EEF761 /* Alert.swift in Sources */ = {isa = PBXBuildFile; fileRef = 1A93CE0D26DB5EDC00EEF761 /* Alert.swift */; };
		1A93CE1226DBB74700EEF761 /* Helper.swift in Sources */ = {isa = PBXBuildFile; fileRef = 1A93CE1126DBB74700EEF761 /* Helper.swift */; };
		1A93CE1426DBB89800EEF761 /* TimerManager.swift in Sources */ = {isa = PBXBuildFile; fileRef = 1A93CE1326DBB89800EEF761 /* TimerManager.swift */; };
		1A9C83CE26DD1F6B005AD936 /* CardFlip.swift in Sources */ = {isa = PBXBuildFile; fileRef = 1A9C83CD26DD1F6B005AD936 /* CardFlip.swift */; };
/* End PBXBuildFile section */

/* Begin PBXFileReference section */
		1A7E6AF626DA3F7200DB5D7A /* miniGame.app */ = {isa = PBXFileReference; explicitFileType = wrapper.application; includeInIndex = 0; path = miniGame.app; sourceTree = BUILT_PRODUCTS_DIR; };
		1A7E6AF926DA3F7200DB5D7A /* AppDelegate.swift */ = {isa = PBXFileReference; lastKnownFileType = sourcecode.swift; path = AppDelegate.swift; sourceTree = "<group>"; };
		1A7E6AFB26DA3F7200DB5D7A /* SceneDelegate.swift */ = {isa = PBXFileReference; lastKnownFileType = sourcecode.swift; path = SceneDelegate.swift; sourceTree = "<group>"; };
		1A7E6AFD26DA3F7200DB5D7A /* ContentView.swift */ = {isa = PBXFileReference; lastKnownFileType = sourcecode.swift; path = ContentView.swift; sourceTree = "<group>"; };
		1A7E6AFF26DA3F7300DB5D7A /* Assets.xcassets */ = {isa = PBXFileReference; lastKnownFileType = folder.assetcatalog; path = Assets.xcassets; sourceTree = "<group>"; };
		1A7E6B0226DA3F7300DB5D7A /* Preview Assets.xcassets */ = {isa = PBXFileReference; lastKnownFileType = folder.assetcatalog; path = "Preview Assets.xcassets"; sourceTree = "<group>"; };
		1A7E6B0526DA3F7300DB5D7A /* Base */ = {isa = PBXFileReference; lastKnownFileType = file.storyboard; name = Base; path = Base.lproj/LaunchScreen.storyboard; sourceTree = "<group>"; };
		1A7E6B0726DA3F7300DB5D7A /* Info.plist */ = {isa = PBXFileReference; lastKnownFileType = text.plist.xml; path = Info.plist; sourceTree = "<group>"; };
		1A7E6B0D26DA74D000DB5D7A /* TicTacTocView.swift */ = {isa = PBXFileReference; lastKnownFileType = sourcecode.swift; path = TicTacTocView.swift; sourceTree = "<group>"; };
		1A7E6B1326DA7F8400DB5D7A /* PickerView.swift */ = {isa = PBXFileReference; lastKnownFileType = sourcecode.swift; path = PickerView.swift; sourceTree = "<group>"; };
		1A9283A226DE68D800EA4261 /* CardFlipModel.swift */ = {isa = PBXFileReference; lastKnownFileType = sourcecode.swift; path = CardFlipModel.swift; sourceTree = "<group>"; };
		1A93CE0B26DB5CAF00EEF761 /* GameViewModel.swift */ = {isa = PBXFileReference; lastKnownFileType = sourcecode.swift; path = GameViewModel.swift; sourceTree = "<group>"; };
		1A93CE0D26DB5EDC00EEF761 /* Alert.swift */ = {isa = PBXFileReference; lastKnownFileType = sourcecode.swift; path = Alert.swift; sourceTree = "<group>"; };
		1A93CE1126DBB74700EEF761 /* Helper.swift */ = {isa = PBXFileReference; lastKnownFileType = sourcecode.swift; path = Helper.swift; sourceTree = "<group>"; };
		1A93CE1326DBB89800EEF761 /* TimerManager.swift */ = {isa = PBXFileReference; lastKnownFileType = sourcecode.swift; path = TimerManager.swift; sourceTree = "<group>"; };
		1A9C83CD26DD1F6B005AD936 /* CardFlip.swift */ = {isa = PBXFileReference; lastKnownFileType = sourcecode.swift; path = CardFlip.swift; sourceTree = "<group>"; };
/* End PBXFileReference section */

/* Begin PBXFrameworksBuildPhase section */
		1A7E6AF326DA3F7200DB5D7A /* Frameworks */ = {
			isa = PBXFrameworksBuildPhase;
			buildActionMask = 2147483647;
			files = (
			);
			runOnlyForDeploymentPostprocessing = 0;
		};
/* End PBXFrameworksBuildPhase section */

/* Begin PBXGroup section */
		1A7E6AED26DA3F7200DB5D7A = {
			isa = PBXGroup;
			children = (
				1A7E6AF826DA3F7200DB5D7A /* miniGame */,
				1A7E6AF726DA3F7200DB5D7A /* Products */,
			);
			sourceTree = "<group>";
		};
		1A7E6AF726DA3F7200DB5D7A /* Products */ = {
			isa = PBXGroup;
			children = (
				1A7E6AF626DA3F7200DB5D7A /* miniGame.app */,
			);
			name = Products;
			sourceTree = "<group>";
		};
		1A7E6AF826DA3F7200DB5D7A /* miniGame */ = {
			isa = PBXGroup;
			children = (
				1A9C83CC26DD1F55005AD936 /* cardFlip */,
				1A93CE1126DBB74700EEF761 /* Helper.swift */,
				1A7E6B1226DA7F6700DB5D7A /* common */,
				1A7E6B0F26DA7AAB00DB5D7A /* tictactoc */,
				1A7E6AF926DA3F7200DB5D7A /* AppDelegate.swift */,
				1A7E6AFB26DA3F7200DB5D7A /* SceneDelegate.swift */,
				1A93CE1326DBB89800EEF761 /* TimerManager.swift */,
				1A7E6AFD26DA3F7200DB5D7A /* ContentView.swift */,
				1A7E6AFF26DA3F7300DB5D7A /* Assets.xcassets */,
				1A7E6B0426DA3F7300DB5D7A /* LaunchScreen.storyboard */,
				1A7E6B0726DA3F7300DB5D7A /* Info.plist */,
				1A7E6B0126DA3F7300DB5D7A /* Preview Content */,
			);
			path = miniGame;
			sourceTree = "<group>";
		};
		1A7E6B0126DA3F7300DB5D7A /* Preview Content */ = {
			isa = PBXGroup;
			children = (
				1A7E6B0226DA3F7300DB5D7A /* Preview Assets.xcassets */,
			);
			path = "Preview Content";
			sourceTree = "<group>";
		};
		1A7E6B0F26DA7AAB00DB5D7A /* tictactoc */ = {
			isa = PBXGroup;
			children = (
				1A7E6B0D26DA74D000DB5D7A /* TicTacTocView.swift */,
				1A93CE0B26DB5CAF00EEF761 /* GameViewModel.swift */,
			);
			path = tictactoc;
			sourceTree = "<group>";
		};
		1A7E6B1226DA7F6700DB5D7A /* common */ = {
			isa = PBXGroup;
			children = (
				1A7E6B1326DA7F8400DB5D7A /* PickerView.swift */,
				1A93CE0D26DB5EDC00EEF761 /* Alert.swift */,
			);
			path = common;
			sourceTree = "<group>";
		};
		1A9C83CC26DD1F55005AD936 /* cardFlip */ = {
			isa = PBXGroup;
			children = (
				1A9C83CD26DD1F6B005AD936 /* CardFlip.swift */,
				1A9283A226DE68D800EA4261 /* CardFlipModel.swift */,
			);
			path = cardFlip;
			sourceTree = "<group>";
		};
/* End PBXGroup section */

/* Begin PBXNativeTarget section */
		1A7E6AF526DA3F7200DB5D7A /* miniGame */ = {
			isa = PBXNativeTarget;
			buildConfigurationList = 1A7E6B0A26DA3F7300DB5D7A /* Build configuration list for PBXNativeTarget "miniGame" */;
			buildPhases = (
				1A7E6AF226DA3F7200DB5D7A /* Sources */,
				1A7E6AF326DA3F7200DB5D7A /* Frameworks */,
				1A7E6AF426DA3F7200DB5D7A /* Resources */,
			);
			buildRules = (
			);
			dependencies = (
			);
			name = miniGame;
			productName = miniGame;
			productReference = 1A7E6AF626DA3F7200DB5D7A /* miniGame.app */;
			productType = "com.apple.product-type.application";
		};
/* End PBXNativeTarget section */

/* Begin PBXProject section */
		1A7E6AEE26DA3F7200DB5D7A /* Project object */ = {
			isa = PBXProject;
			attributes = {
				LastSwiftUpdateCheck = 1250;
				LastUpgradeCheck = 1250;
				TargetAttributes = {
					1A7E6AF526DA3F7200DB5D7A = {
						CreatedOnToolsVersion = 12.5.1;
					};
				};
			};
			buildConfigurationList = 1A7E6AF126DA3F7200DB5D7A /* Build configuration list for PBXProject "miniGame" */;
			compatibilityVersion = "Xcode 9.3";
			developmentRegion = en;
			hasScannedForEncodings = 0;
			knownRegions = (
				en,
				Base,
			);
			mainGroup = 1A7E6AED26DA3F7200DB5D7A;
			productRefGroup = 1A7E6AF726DA3F7200DB5D7A /* Products */;
			projectDirPath = "";
			projectRoot = "";
			targets = (
				1A7E6AF526DA3F7200DB5D7A /* miniGame */,
			);
		};
/* End PBXProject section */

/* Begin PBXResourcesBuildPhase section */
		1A7E6AF426DA3F7200DB5D7A /* Resources */ = {
			isa = PBXResourcesBuildPhase;
			buildActionMask = 2147483647;
			files = (
				1A7E6B0626DA3F7300DB5D7A /* LaunchScreen.storyboard in Resources */,
				1A7E6B0326DA3F7300DB5D7A /* Preview Assets.xcassets in Resources */,
				1A7E6B0026DA3F7300DB5D7A /* Assets.xcassets in Resources */,
			);
			runOnlyForDeploymentPostprocessing = 0;
		};
/* End PBXResourcesBuildPhase section */

/* Begin PBXSourcesBuildPhase section */
		1A7E6AF226DA3F7200DB5D7A /* Sources */ = {
			isa = PBXSourcesBuildPhase;
			buildActionMask = 2147483647;
			files = (
				1A93CE0C26DB5CAF00EEF761 /* GameViewModel.swift in Sources */,
				1A7E6AFA26DA3F7200DB5D7A /* AppDelegate.swift in Sources */,
				1A7E6AFC26DA3F7200DB5D7A /* SceneDelegate.swift in Sources */,
				1A7E6AFE26DA3F7200DB5D7A /* ContentView.swift in Sources */,
				1A9283A326DE68D800EA4261 /* CardFlipModel.swift in Sources */,
				1A9C83CE26DD1F6B005AD936 /* CardFlip.swift in Sources */,
				1A7E6B1426DA7F8400DB5D7A /* PickerView.swift in Sources */,
				1A7E6B0E26DA74D000DB5D7A /* TicTacTocView.swift in Sources */,
				1A93CE1426DBB89800EEF761 /* TimerManager.swift in Sources */,
				1A93CE0E26DB5EDC00EEF761 /* Alert.swift in Sources */,
				1A93CE1226DBB74700EEF761 /* Helper.swift in Sources */,
			);
			runOnlyForDeploymentPostprocessing = 0;
		};
/* End PBXSourcesBuildPhase section */

/* Begin PBXVariantGroup section */
		1A7E6B0426DA3F7300DB5D7A /* LaunchScreen.storyboard */ = {
			isa = PBXVariantGroup;
			children = (
				1A7E6B0526DA3F7300DB5D7A /* Base */,
			);
			name = LaunchScreen.storyboard;
			sourceTree = "<group>";
		};
/* End PBXVariantGroup section */

/* Begin XCBuildConfiguration section */
		1A7E6B0826DA3F7300DB5D7A /* Debug */ = {
			isa = XCBuildConfiguration;
			buildSettings = {
				ALWAYS_SEARCH_USER_PATHS = NO;
				CLANG_ANALYZER_NONNULL = YES;
				CLANG_ANALYZER_NUMBER_OBJECT_CONVERSION = YES_AGGRESSIVE;
				CLANG_CXX_LANGUAGE_STANDARD = "gnu++14";
				CLANG_CXX_LIBRARY = "libc++";
				CLANG_ENABLE_MODULES = YES;
				CLANG_ENABLE_OBJC_ARC = YES;
				CLANG_ENABLE_OBJC_WEAK = YES;
				CLANG_WARN_BLOCK_CAPTURE_AUTORELEASING = YES;
				CLANG_WARN_BOOL_CONVERSION = YES;
				CLANG_WARN_COMMA = YES;
				CLANG_WARN_CONSTANT_CONVERSION = YES;
				CLANG_WARN_DEPRECATED_OBJC_IMPLEMENTATIONS = YES;
				CLANG_WARN_DIRECT_OBJC_ISA_USAGE = YES_ERROR;
				CLANG_WARN_DOCUMENTATION_COMMENTS = YES;
				CLANG_WARN_EMPTY_BODY = YES;
				CLANG_WARN_ENUM_CONVERSION = YES;
				CLANG_WARN_INFINITE_RECURSION = YES;
				CLANG_WARN_INT_CONVERSION = YES;
				CLANG_WARN_NON_LITERAL_NULL_CONVERSION = YES;
				CLANG_WARN_OBJC_IMPLICIT_RETAIN_SELF = YES;
				CLANG_WARN_OBJC_LITERAL_CONVERSION = YES;
				CLANG_WARN_OBJC_ROOT_CLASS = YES_ERROR;
				CLANG_WARN_QUOTED_INCLUDE_IN_FRAMEWORK_HEADER = YES;
				CLANG_WARN_RANGE_LOOP_ANALYSIS = YES;
				CLANG_WARN_STRICT_PROTOTYPES = YES;
				CLANG_WARN_SUSPICIOUS_MOVE = YES;
				CLANG_WARN_UNGUARDED_AVAILABILITY = YES_AGGRESSIVE;
				CLANG_WARN_UNREACHABLE_CODE = YES;
				CLANG_WARN__DUPLICATE_METHOD_MATCH = YES;
				COPY_PHASE_STRIP = NO;
				DEBUG_INFORMATION_FORMAT = dwarf;
				ENABLE_STRICT_OBJC_MSGSEND = YES;
				ENABLE_TESTABILITY = YES;
				GCC_C_LANGUAGE_STANDARD = gnu11;
				GCC_DYNAMIC_NO_PIC = NO;
				GCC_NO_COMMON_BLOCKS = YES;
				GCC_OPTIMIZATION_LEVEL = 0;
				GCC_PREPROCESSOR_DEFINITIONS = (
					"DEBUG=1",
					"$(inherited)",
				);
				GCC_WARN_64_TO_32_BIT_CONVERSION = YES;
				GCC_WARN_ABOUT_RETURN_TYPE = YES_ERROR;
				GCC_WARN_UNDECLARED_SELECTOR = YES;
				GCC_WARN_UNINITIALIZED_AUTOS = YES_AGGRESSIVE;
				GCC_WARN_UNUSED_FUNCTION = YES;
				GCC_WARN_UNUSED_VARIABLE = YES;
				IPHONEOS_DEPLOYMENT_TARGET = 14.5;
				MTL_ENABLE_DEBUG_INFO = INCLUDE_SOURCE;
				MTL_FAST_MATH = YES;
				ONLY_ACTIVE_ARCH = YES;
				SDKROOT = iphoneos;
				SWIFT_ACTIVE_COMPILATION_CONDITIONS = DEBUG;
				SWIFT_OPTIMIZATION_LEVEL = "-Onone";
			};
			name = Debug;
		};
		1A7E6B0926DA3F7300DB5D7A /* Release */ = {
			isa = XCBuildConfiguration;
			buildSettings = {
				ALWAYS_SEARCH_USER_PATHS = NO;
				CLANG_ANALYZER_NONNULL = YES;
				CLANG_ANALYZER_NUMBER_OBJECT_CONVERSION = YES_AGGRESSIVE;
				CLANG_CXX_LANGUAGE_STANDARD = "gnu++14";
				CLANG_CXX_LIBRARY = "libc++";
				CLANG_ENABLE_MODULES = YES;
				CLANG_ENABLE_OBJC_ARC = YES;
				CLANG_ENABLE_OBJC_WEAK = YES;
				CLANG_WARN_BLOCK_CAPTURE_AUTORELEASING = YES;
				CLANG_WARN_BOOL_CONVERSION = YES;
				CLANG_WARN_COMMA = YES;
				CLANG_WARN_CONSTANT_CONVERSION = YES;
				CLANG_WARN_DEPRECATED_OBJC_IMPLEMENTATIONS = YES;
				CLANG_WARN_DIRECT_OBJC_ISA_USAGE = YES_ERROR;
				CLANG_WARN_DOCUMENTATION_COMMENTS = YES;
				CLANG_WARN_EMPTY_BODY = YES;
				CLANG_WARN_ENUM_CONVERSION = YES;
				CLANG_WARN_INFINITE_RECURSION = YES;
				CLANG_WARN_INT_CONVERSION = YES;
				CLANG_WARN_NON_LITERAL_NULL_CONVERSION = YES;
				CLANG_WARN_OBJC_IMPLICIT_RETAIN_SELF = YES;
				CLANG_WARN_OBJC_LITERAL_CONVERSION = YES;
				CLANG_WARN_OBJC_ROOT_CLASS = YES_ERROR;
				CLANG_WARN_QUOTED_INCLUDE_IN_FRAMEWORK_HEADER = YES;
				CLANG_WARN_RANGE_LOOP_ANALYSIS = YES;
				CLANG_WARN_STRICT_PROTOTYPES = YES;
				CLANG_WARN_SUSPICIOUS_MOVE = YES;
				CLANG_WARN_UNGUARDED_AVAILABILITY = YES_AGGRESSIVE;
				CLANG_WARN_UNREACHABLE_CODE = YES;
				CLANG_WARN__DUPLICATE_METHOD_MATCH = YES;
				COPY_PHASE_STRIP = NO;
				DEBUG_INFORMATION_FORMAT = "dwarf-with-dsym";
				ENABLE_NS_ASSERTIONS = NO;
				ENABLE_STRICT_OBJC_MSGSEND = YES;
				GCC_C_LANGUAGE_STANDARD = gnu11;
				GCC_NO_COMMON_BLOCKS = YES;
				GCC_WARN_64_TO_32_BIT_CONVERSION = YES;
				GCC_WARN_ABOUT_RETURN_TYPE = YES_ERROR;
				GCC_WARN_UNDECLARED_SELECTOR = YES;
				GCC_WARN_UNINITIALIZED_AUTOS = YES_AGGRESSIVE;
				GCC_WARN_UNUSED_FUNCTION = YES;
				GCC_WARN_UNUSED_VARIABLE = YES;
				IPHONEOS_DEPLOYMENT_TARGET = 14.5;
				MTL_ENABLE_DEBUG_INFO = NO;
				MTL_FAST_MATH = YES;
				SDKROOT = iphoneos;
				SWIFT_COMPILATION_MODE = wholemodule;
				SWIFT_OPTIMIZATION_LEVEL = "-O";
				VALIDATE_PRODUCT = YES;
			};
			name = Release;
		};
		1A7E6B0B26DA3F7300DB5D7A /* Debug */ = {
			isa = XCBuildConfiguration;
			buildSettings = {
				ASSETCATALOG_COMPILER_APPICON_NAME = AppIcon;
				ASSETCATALOG_COMPILER_GLOBAL_ACCENT_COLOR_NAME = AccentColor;
				CODE_SIGN_STYLE = Automatic;
				DEVELOPMENT_ASSET_PATHS = "\"miniGame/Preview Content\"";
				DEVELOPMENT_TEAM = 56YGLZX86S;
				ENABLE_PREVIEWS = YES;
				INFOPLIST_FILE = miniGame/Info.plist;
				LD_RUNPATH_SEARCH_PATHS = (
					"$(inherited)",
					"@executable_path/Frameworks",
				);
				PRODUCT_BUNDLE_IDENTIFIER = com.miniGame;
				PRODUCT_NAME = "$(TARGET_NAME)";
				SWIFT_VERSION = 5.0;
				TARGETED_DEVICE_FAMILY = "1,2";
			};
			name = Debug;
		};
		1A7E6B0C26DA3F7300DB5D7A /* Release */ = {
			isa = XCBuildConfiguration;
			buildSettings = {
				ASSETCATALOG_COMPILER_APPICON_NAME = AppIcon;
				ASSETCATALOG_COMPILER_GLOBAL_ACCENT_COLOR_NAME = AccentColor;
				CODE_SIGN_STYLE = Automatic;
				DEVELOPMENT_ASSET_PATHS = "\"miniGame/Preview Content\"";
				DEVELOPMENT_TEAM = 56YGLZX86S;
				ENABLE_PREVIEWS = YES;
				INFOPLIST_FILE = miniGame/Info.plist;
				LD_RUNPATH_SEARCH_PATHS = (
					"$(inherited)",
					"@executable_path/Frameworks",
				);
				PRODUCT_BUNDLE_IDENTIFIER = com.miniGame;
				PRODUCT_NAME = "$(TARGET_NAME)";
				SWIFT_VERSION = 5.0;
				TARGETED_DEVICE_FAMILY = "1,2";
			};
			name = Release;
		};
/* End XCBuildConfiguration section */

/* Begin XCConfigurationList section */
		1A7E6AF126DA3F7200DB5D7A /* Build configuration list for PBXProject "miniGame" */ = {
			isa = XCConfigurationList;
			buildConfigurations = (
				1A7E6B0826DA3F7300DB5D7A /* Debug */,
				1A7E6B0926DA3F7300DB5D7A /* Release */,
			);
			defaultConfigurationIsVisible = 0;
			defaultConfigurationName = Release;
		};
		1A7E6B0A26DA3F7300DB5D7A /* Build configuration list for PBXNativeTarget "miniGame" */ = {
			isa = XCConfigurationList;
			buildConfigurations = (
				1A7E6B0B26DA3F7300DB5D7A /* Debug */,
				1A7E6B0C26DA3F7300DB5D7A /* Release */,
			);
			defaultConfigurationIsVisible = 0;
			defaultConfigurationName = Release;
		};
/* End XCConfigurationList section */
	};
	rootObject = 1A7E6AEE26DA3F7200DB5D7A /* Project object */;
}
